
Microsoft Visual Studio Solution File, Format Version 12.00
# Visual Studio Version 17
VisualStudioVersion = 17.4.32804.182
MinimumVisualStudioVersion = 10.0.40219.1
Project("{FAE04EC0-301F-11D3-BF4B-00C04F79EFBC}") = "HeavySleeper", "HeavySleeper\HeavySleeper.csproj", "{7FCE35EA-C3C9-4081-94F5-FBACA0BF4E1A}"
EndProject
Global
	GlobalSection(SolutionConfigurationPlatforms) = preSolution
		Debug|Any CPU = Debug|Any CPU
		Release|Any CPU = Release|Any CPU
	EndGlobalSection
	GlobalSection(ProjectConfigurationPlatforms) = postSolution
		{7FCE35EA-C3C9-4081-94F5-FBACA0BF4E1A}.Debug|Any CPU.ActiveCfg = Debug|Any CPU
		{7FCE35EA-C3C9-4081-94F5-FBACA0BF4E1A}.Debug|Any CPU.Build.0 = Debug|Any CPU
		{7FCE35EA-C3C9-4081-94F5-FBACA0BF4E1A}.Release|Any CPU.ActiveCfg = Release|Any CPU
		{7FCE35EA-C3C9-4081-94F5-FBACA0BF4E1A}.Release|Any CPU.Build.0 = Release|Any CPU
	EndGlobalSection
	GlobalSection(SolutionProperties) = preSolution
		HideSolutionNode = FALSE
	EndGlobalSection
	GlobalSection(ExtensibilityGlobals) = postSolution
		SolutionGuid = {5693D6F9-88EF-4C41-A689-84A68BF5E53F}
	EndGlobalSection
EndGlobal
